// !$*UTF8*$!
{
	archiveVersion = 1;
	classes = {
	};
	objectVersion = 51;
	objects = {

/* Begin PBXBuildFile section */
		5EB4C67616152731DA237A42 /* Pods_Proekt_AMU.framework in Frameworks */ = {isa = PBXBuildFile; fileRef = A9FA1AAC2531B04928E20413 /* Pods_Proekt_AMU.framework */; };
		70075CE726B4C091009B3E70 /* AppDelegate.swift in Sources */ = {isa = PBXBuildFile; fileRef = 70075CE626B4C091009B3E70 /* AppDelegate.swift */; };
		70075CE926B4C092009B3E70 /* ViewController.swift in Sources */ = {isa = PBXBuildFile; fileRef = 70075CE826B4C092009B3E70 /* ViewController.swift */; };
		70075CEC26B4C092009B3E70 /* Main.storyboard in Resources */ = {isa = PBXBuildFile; fileRef = 70075CEA26B4C092009B3E70 /* Main.storyboard */; };
		70075CEF26B4C092009B3E70 /* Proekt_AMU.xcdatamodeld in Sources */ = {isa = PBXBuildFile; fileRef = 70075CED26B4C092009B3E70 /* Proekt_AMU.xcdatamodeld */; };
		70075CF126B4C095009B3E70 /* Assets.xcassets in Resources */ = {isa = PBXBuildFile; fileRef = 70075CF026B4C095009B3E70 /* Assets.xcassets */; };
		70075CF426B4C095009B3E70 /* LaunchScreen.storyboard in Resources */ = {isa = PBXBuildFile; fileRef = 70075CF226B4C095009B3E70 /* LaunchScreen.storyboard */; };
		70075D0826CF9E3D009B3E70 /* DoctorsTableViewController.swift in Sources */ = {isa = PBXBuildFile; fileRef = 70075D0726CF9E3D009B3E70 /* DoctorsTableViewController.swift */; };
		70075D0A26D0818D009B3E70 /* FamilyDoctorsController.swift in Sources */ = {isa = PBXBuildFile; fileRef = 70075D0926D0818D009B3E70 /* FamilyDoctorsController.swift */; };
		70075D0C26D0858C009B3E70 /* DoctorsTableViewCell.swift in Sources */ = {isa = PBXBuildFile; fileRef = 70075D0B26D0858C009B3E70 /* DoctorsTableViewCell.swift */; };
		7058830B26FBF961005C718A /* logoo.png in Resources */ = {isa = PBXBuildFile; fileRef = 7058830A26FBF960005C718A /* logoo.png */; };
		7058830D26FBF96E005C718A /* poz.jpg in Resources */ = {isa = PBXBuildFile; fileRef = 7058830C26FBF96D005C718A /* poz.jpg */; };
		7058830F26FBFA19005C718A /* rez.png in Resources */ = {isa = PBXBuildFile; fileRef = 7058830E26FBFA19005C718A /* rez.png */; };
		707B545026DA41EC00FC0F03 /* ResservationsTableViewController.swift in Sources */ = {isa = PBXBuildFile; fileRef = 707B544F26DA41EC00FC0F03 /* ResservationsTableViewController.swift */; };
		707B545426DA44FE00FC0F03 /* DetailViewController.swift in Sources */ = {isa = PBXBuildFile; fileRef = 707B545326DA44FE00FC0F03 /* DetailViewController.swift */; };
		707B545626DA6E5B00FC0F03 /* MapViewController.swift in Sources */ = {isa = PBXBuildFile; fileRef = 707B545526DA6E5B00FC0F03 /* MapViewController.swift */; };
		70F1267526F183B80061C1E1 /* CitizenViewController.swift in Sources */ = {isa = PBXBuildFile; fileRef = 70F1267426F183B80061C1E1 /* CitizenViewController.swift */; };
		70FBD74026D3CFB500AFF8C4 /* MakeReqViewController.swift in Sources */ = {isa = PBXBuildFile; fileRef = 70FBD73F26D3CFB500AFF8C4 /* MakeReqViewController.swift */; };
		70FBD74426D3E94A00AFF8C4 /* CitizenDetailsViewController.swift in Sources */ = {isa = PBXBuildFile; fileRef = 70FBD74326D3E94A00AFF8C4 /* CitizenDetailsViewController.swift */; };
		70FBD74626D4EE4200AFF8C4 /* ReqResTableViewController.swift in Sources */ = {isa = PBXBuildFile; fileRef = 70FBD74526D4EE4100AFF8C4 /* ReqResTableViewController.swift */; };
		70FBD74826D4F10C00AFF8C4 /* ReqResCellTableViewCell.swift in Sources */ = {isa = PBXBuildFile; fileRef = 70FBD74726D4F10C00AFF8C4 /* ReqResCellTableViewCell.swift */; };
		70FC235D26D79C48000C7EBE /* RezzTableViewController.swift in Sources */ = {isa = PBXBuildFile; fileRef = 70FC235C26D79C48000C7EBE /* RezzTableViewController.swift */; };
		70FC235F26D7AA1B000C7EBE /* RezzDetailsViewController.swift in Sources */ = {isa = PBXBuildFile; fileRef = 70FC235E26D7AA1B000C7EBE /* RezzDetailsViewController.swift */; };
/* End PBXBuildFile section */

/* Begin PBXFileReference section */
		3E5A89ADDED6B55B0297E9DA /* Pods-Proekt-AMU.release.xcconfig */ = {isa = PBXFileReference; includeInIndex = 1; lastKnownFileType = text.xcconfig; name = "Pods-Proekt-AMU.release.xcconfig"; path = "Target Support Files/Pods-Proekt-AMU/Pods-Proekt-AMU.release.xcconfig"; sourceTree = "<group>"; };
		70075CE326B4C091009B3E70 /* Proekt-AMU.app */ = {isa = PBXFileReference; explicitFileType = wrapper.application; includeInIndex = 0; path = "Proekt-AMU.app"; sourceTree = BUILT_PRODUCTS_DIR; };
		70075CE626B4C091009B3E70 /* AppDelegate.swift */ = {isa = PBXFileReference; lastKnownFileType = sourcecode.swift; path = AppDelegate.swift; sourceTree = "<group>"; };
		70075CE826B4C092009B3E70 /* ViewController.swift */ = {isa = PBXFileReference; lastKnownFileType = sourcecode.swift; path = ViewController.swift; sourceTree = "<group>"; };
		70075CEB26B4C092009B3E70 /* Base */ = {isa = PBXFileReference; lastKnownFileType = file.storyboard; name = Base; path = Base.lproj/Main.storyboard; sourceTree = "<group>"; };
		70075CEE26B4C092009B3E70 /* Proekt_AMU.xcdatamodel */ = {isa = PBXFileReference; lastKnownFileType = wrapper.xcdatamodel; path = Proekt_AMU.xcdatamodel; sourceTree = "<group>"; };
		70075CF026B4C095009B3E70 /* Assets.xcassets */ = {isa = PBXFileReference; lastKnownFileType = folder.assetcatalog; path = Assets.xcassets; sourceTree = "<group>"; };
		70075CF326B4C095009B3E70 /* Base */ = {isa = PBXFileReference; lastKnownFileType = file.storyboard; name = Base; path = Base.lproj/LaunchScreen.storyboard; sourceTree = "<group>"; };
		70075CF526B4C095009B3E70 /* Info.plist */ = {isa = PBXFileReference; lastKnownFileType = text.plist.xml; path = Info.plist; sourceTree = "<group>"; };
		70075D0726CF9E3D009B3E70 /* DoctorsTableViewController.swift */ = {isa = PBXFileReference; lastKnownFileType = sourcecode.swift; path = DoctorsTableViewController.swift; sourceTree = "<group>"; };
		70075D0926D0818D009B3E70 /* FamilyDoctorsController.swift */ = {isa = PBXFileReference; lastKnownFileType = sourcecode.swift; path = FamilyDoctorsController.swift; sourceTree = "<group>"; };
		70075D0B26D0858C009B3E70 /* DoctorsTableViewCell.swift */ = {isa = PBXFileReference; lastKnownFileType = sourcecode.swift; path = DoctorsTableViewCell.swift; sourceTree = "<group>"; };
		7058830A26FBF960005C718A /* logoo.png */ = {isa = PBXFileReference; lastKnownFileType = image.png; name = logoo.png; path = ../../logoo.png; sourceTree = "<group>"; };
		7058830C26FBF96D005C718A /* poz.jpg */ = {isa = PBXFileReference; lastKnownFileType = image.jpeg; name = poz.jpg; path = ../../poz.jpg; sourceTree = "<group>"; };
		7058830E26FBFA19005C718A /* rez.png */ = {isa = PBXFileReference; lastKnownFileType = image.png; name = rez.png; path = ../../rez.png; sourceTree = "<group>"; };
		707B544F26DA41EC00FC0F03 /* ResservationsTableViewController.swift */ = {isa = PBXFileReference; lastKnownFileType = sourcecode.swift; path = ResservationsTableViewController.swift; sourceTree = "<group>"; };
		707B545326DA44FE00FC0F03 /* DetailViewController.swift */ = {isa = PBXFileReference; lastKnownFileType = sourcecode.swift; path = DetailViewController.swift; sourceTree = "<group>"; };
		707B545526DA6E5B00FC0F03 /* MapViewController.swift */ = {isa = PBXFileReference; lastKnownFileType = sourcecode.swift; path = MapViewController.swift; sourceTree = "<group>"; };
		70F1267426F183B80061C1E1 /* CitizenViewController.swift */ = {isa = PBXFileReference; fileEncoding = 4; lastKnownFileType = sourcecode.swift; path = CitizenViewController.swift; sourceTree = "<group>"; };
		70FBD73F26D3CFB500AFF8C4 /* MakeReqViewController.swift */ = {isa = PBXFileReference; lastKnownFileType = sourcecode.swift; path = MakeReqViewController.swift; sourceTree = "<group>"; };
		70FBD74326D3E94A00AFF8C4 /* CitizenDetailsViewController.swift */ = {isa = PBXFileReference; lastKnownFileType = sourcecode.swift; path = CitizenDetailsViewController.swift; sourceTree = "<group>"; };
		70FBD74526D4EE4100AFF8C4 /* ReqResTableViewController.swift */ = {isa = PBXFileReference; lastKnownFileType = sourcecode.swift; path = ReqResTableViewController.swift; sourceTree = "<group>"; };
		70FBD74726D4F10C00AFF8C4 /* ReqResCellTableViewCell.swift */ = {isa = PBXFileReference; lastKnownFileType = sourcecode.swift; path = ReqResCellTableViewCell.swift; sourceTree = "<group>"; };
		70FC235C26D79C48000C7EBE /* RezzTableViewController.swift */ = {isa = PBXFileReference; lastKnownFileType = sourcecode.swift; path = RezzTableViewController.swift; sourceTree = "<group>"; };
		70FC235E26D7AA1B000C7EBE /* RezzDetailsViewController.swift */ = {isa = PBXFileReference; lastKnownFileType = sourcecode.swift; path = RezzDetailsViewController.swift; sourceTree = "<group>"; };
		A9FA1AAC2531B04928E20413 /* Pods_Proekt_AMU.framework */ = {isa = PBXFileReference; explicitFileType = wrapper.framework; includeInIndex = 0; path = Pods_Proekt_AMU.framework; sourceTree = BUILT_PRODUCTS_DIR; };
		ED127F66406A331255FD263D /* Pods-Proekt-AMU.debug.xcconfig */ = {isa = PBXFileReference; includeInIndex = 1; lastKnownFileType = text.xcconfig; name = "Pods-Proekt-AMU.debug.xcconfig"; path = "Target Support Files/Pods-Proekt-AMU/Pods-Proekt-AMU.debug.xcconfig"; sourceTree = "<group>"; };
/* End PBXFileReference section */

/* Begin PBXFrameworksBuildPhase section */
		70075CE026B4C091009B3E70 /* Frameworks */ = {
			isa = PBXFrameworksBuildPhase;
			buildActionMask = 2147483647;
			files = (
				5EB4C67616152731DA237A42 /* Pods_Proekt_AMU.framework in Frameworks */,
			);
			runOnlyForDeploymentPostprocessing = 0;
		};
/* End PBXFrameworksBuildPhase section */

/* Begin PBXGroup section */
		567401F1973692609DB556E5 /* Pods */ = {
			isa = PBXGroup;
			children = (
				ED127F66406A331255FD263D /* Pods-Proekt-AMU.debug.xcconfig */,
				3E5A89ADDED6B55B0297E9DA /* Pods-Proekt-AMU.release.xcconfig */,
			);
			path = Pods;
			sourceTree = "<group>";
		};
		70075CDA26B4C091009B3E70 = {
			isa = PBXGroup;
			children = (
				70075CE526B4C091009B3E70 /* Proekt-AMU */,
				70075CE426B4C091009B3E70 /* Products */,
				567401F1973692609DB556E5 /* Pods */,
				8BAC08C2BD2E802110C30C5C /* Frameworks */,
			);
			sourceTree = "<group>";
		};
		70075CE426B4C091009B3E70 /* Products */ = {
			isa = PBXGroup;
			children = (
				70075CE326B4C091009B3E70 /* Proekt-AMU.app */,
			);
			name = Products;
			sourceTree = "<group>";
		};
		70075CE526B4C091009B3E70 /* Proekt-AMU */ = {
			isa = PBXGroup;
			children = (
				70075CE626B4C091009B3E70 /* AppDelegate.swift */,
				70075CEA26B4C092009B3E70 /* Main.storyboard */,
				70075CE826B4C092009B3E70 /* ViewController.swift */,
				70F1267426F183B80061C1E1 /* CitizenViewController.swift */,
				70FC235C26D79C48000C7EBE /* RezzTableViewController.swift */,
				70FC235E26D7AA1B000C7EBE /* RezzDetailsViewController.swift */,
				70075D0926D0818D009B3E70 /* FamilyDoctorsController.swift */,
				70FBD73F26D3CFB500AFF8C4 /* MakeReqViewController.swift */,
				70075D0726CF9E3D009B3E70 /* DoctorsTableViewController.swift */,
				70075D0B26D0858C009B3E70 /* DoctorsTableViewCell.swift */,
				707B544F26DA41EC00FC0F03 /* ResservationsTableViewController.swift */,
				707B545326DA44FE00FC0F03 /* DetailViewController.swift */,
				707B545526DA6E5B00FC0F03 /* MapViewController.swift */,
				70FBD74726D4F10C00AFF8C4 /* ReqResCellTableViewCell.swift */,
				70FBD74526D4EE4100AFF8C4 /* ReqResTableViewController.swift */,
				70FBD74326D3E94A00AFF8C4 /* CitizenDetailsViewController.swift */,
				7058830A26FBF960005C718A /* logoo.png */,
				7058830E26FBFA19005C718A /* rez.png */,
				7058830C26FBF96D005C718A /* poz.jpg */,
				70075CF026B4C095009B3E70 /* Assets.xcassets */,
				70075CF226B4C095009B3E70 /* LaunchScreen.storyboard */,
				70075CF526B4C095009B3E70 /* Info.plist */,
				70075CED26B4C092009B3E70 /* Proekt_AMU.xcdatamodeld */,
			);
			path = "Proekt-AMU";
			sourceTree = "<group>";
		};
		8BAC08C2BD2E802110C30C5C /* Frameworks */ = {
			isa = PBXGroup;
			children = (
				A9FA1AAC2531B04928E20413 /* Pods_Proekt_AMU.framework */,
			);
			name = Frameworks;
			sourceTree = "<group>";
		};
/* End PBXGroup section */

/* Begin PBXNativeTarget section */
		70075CE226B4C091009B3E70 /* Proekt-AMU */ = {
			isa = PBXNativeTarget;
			buildConfigurationList = 70075CF826B4C095009B3E70 /* Build configuration list for PBXNativeTarget "Proekt-AMU" */;
			buildPhases = (
				413609358B4C53BB71625342 /* [CP] Check Pods Manifest.lock */,
				70075CDF26B4C091009B3E70 /* Sources */,
				70075CE026B4C091009B3E70 /* Frameworks */,
				70075CE126B4C091009B3E70 /* Resources */,
				2E505679828E22CA49218DD8 /* [CP] Embed Pods Frameworks */,
			);
			buildRules = (
			);
			dependencies = (
			);
			name = "Proekt-AMU";
			productName = "Proekt-AMU";
			productReference = 70075CE326B4C091009B3E70 /* Proekt-AMU.app */;
			productType = "com.apple.product-type.application";
		};
/* End PBXNativeTarget section */

/* Begin PBXProject section */
		70075CDB26B4C091009B3E70 /* Project object */ = {
			isa = PBXProject;
			attributes = {
				LastSwiftUpdateCheck = 1030;
				LastUpgradeCheck = 1030;
				ORGANIZATIONNAME = "Angela Tasikj";
				TargetAttributes = {
					70075CE226B4C091009B3E70 = {
						CreatedOnToolsVersion = 10.3;
					};
				};
			};
			buildConfigurationList = 70075CDE26B4C091009B3E70 /* Build configuration list for PBXProject "Proekt-AMU" */;
			compatibilityVersion = "Xcode 9.3";
			developmentRegion = en;
			hasScannedForEncodings = 0;
			knownRegions = (
				en,
				Base,
			);
			mainGroup = 70075CDA26B4C091009B3E70;
			productRefGroup = 70075CE426B4C091009B3E70 /* Products */;
			projectDirPath = "";
			projectRoot = "";
			targets = (
				70075CE226B4C091009B3E70 /* Proekt-AMU */,
			);
		};
/* End PBXProject section */

/* Begin PBXResourcesBuildPhase section */
		70075CE126B4C091009B3E70 /* Resources */ = {
			isa = PBXResourcesBuildPhase;
			buildActionMask = 2147483647;
			files = (
				7058830B26FBF961005C718A /* logoo.png in Resources */,
				70075CF426B4C095009B3E70 /* LaunchScreen.storyboard in Resources */,
				70075CF126B4C095009B3E70 /* Assets.xcassets in Resources */,
				7058830F26FBFA19005C718A /* rez.png in Resources */,
				70075CEC26B4C092009B3E70 /* Main.storyboard in Resources */,
				7058830D26FBF96E005C718A /* poz.jpg in Resources */,
			);
			runOnlyForDeploymentPostprocessing = 0;
		};
/* End PBXResourcesBuildPhase section */

/* Begin PBXShellScriptBuildPhase section */
		2E505679828E22CA49218DD8 /* [CP] Embed Pods Frameworks */ = {
			isa = PBXShellScriptBuildPhase;
			buildActionMask = 2147483647;
			files = (
			);
			inputFileListPaths = (
				"${PODS_ROOT}/Target Support Files/Pods-Proekt-AMU/Pods-Proekt-AMU-frameworks-${CONFIGURATION}-input-files.xcfilelist",
			);
			name = "[CP] Embed Pods Frameworks";
			outputFileListPaths = (
				"${PODS_ROOT}/Target Support Files/Pods-Proekt-AMU/Pods-Proekt-AMU-frameworks-${CONFIGURATION}-output-files.xcfilelist",
			);
			runOnlyForDeploymentPostprocessing = 0;
			shellPath = /bin/sh;
			shellScript = "\"${PODS_ROOT}/Target Support Files/Pods-Proekt-AMU/Pods-Proekt-AMU-frameworks.sh\"\n";
			showEnvVarsInLog = 0;
		};
		413609358B4C53BB71625342 /* [CP] Check Pods Manifest.lock */ = {
			isa = PBXShellScriptBuildPhase;
			buildActionMask = 2147483647;
			files = (
			);
			inputFileListPaths = (
			);
			inputPaths = (
				"${PODS_PODFILE_DIR_PATH}/Podfile.lock",
				"${PODS_ROOT}/Manifest.lock",
			);
			name = "[CP] Check Pods Manifest.lock";
			outputFileListPaths = (
			);
			outputPaths = (
				"$(DERIVED_FILE_DIR)/Pods-Proekt-AMU-checkManifestLockResult.txt",
			);
			runOnlyForDeploymentPostprocessing = 0;
			shellPath = /bin/sh;
			shellScript = "diff \"${PODS_PODFILE_DIR_PATH}/Podfile.lock\" \"${PODS_ROOT}/Manifest.lock\" > /dev/null\nif [ $? != 0 ] ; then\n    # print error to STDERR\n    echo \"error: The sandbox is not in sync with the Podfile.lock. Run 'pod install' or update your CocoaPods installation.\" >&2\n    exit 1\nfi\n# This output is used by Xcode 'outputs' to avoid re-running this script phase.\necho \"SUCCESS\" > \"${SCRIPT_OUTPUT_FILE_0}\"\n";
			showEnvVarsInLog = 0;
		};
/* End PBXShellScriptBuildPhase section */

/* Begin PBXSourcesBuildPhase section */
		70075CDF26B4C091009B3E70 /* Sources */ = {
			isa = PBXSourcesBuildPhase;
			buildActionMask = 2147483647;
			files = (
				70075D0A26D0818D009B3E70 /* FamilyDoctorsController.swift in Sources */,
				707B545426DA44FE00FC0F03 /* DetailViewController.swift in Sources */,
				70FBD74426D3E94A00AFF8C4 /* CitizenDetailsViewController.swift in Sources */,
				70075CE926B4C092009B3E70 /* ViewController.swift in Sources */,
				70075CE726B4C091009B3E70 /* AppDelegate.swift in Sources */,
				70075D0C26D0858C009B3E70 /* DoctorsTableViewCell.swift in Sources */,
				70FC235F26D7AA1B000C7EBE /* RezzDetailsViewController.swift in Sources */,
				70075D0826CF9E3D009B3E70 /* DoctorsTableViewController.swift in Sources */,
				70FBD74826D4F10C00AFF8C4 /* ReqResCellTableViewCell.swift in Sources */,
				70FBD74026D3CFB500AFF8C4 /* MakeReqViewController.swift in Sources */,
				707B545626DA6E5B00FC0F03 /* MapViewController.swift in Sources */,
				70F1267526F183B80061C1E1 /* CitizenViewController.swift in Sources */,
				70FC235D26D79C48000C7EBE /* RezzTableViewController.swift in Sources */,
				707B545026DA41EC00FC0F03 /* ResservationsTableViewController.swift in Sources */,
				70075CEF26B4C092009B3E70 /* Proekt_AMU.xcdatamodeld in Sources */,
				70FBD74626D4EE4200AFF8C4 /* ReqResTableViewController.swift in Sources */,
			);
			runOnlyForDeploymentPostprocessing = 0;
		};
/* End PBXSourcesBuildPhase section */

/* Begin PBXVariantGroup section */
		70075CEA26B4C092009B3E70 /* Main.storyboard */ = {
			isa = PBXVariantGroup;
			children = (
				70075CEB26B4C092009B3E70 /* Base */,
			);
			name = Main.storyboard;
			sourceTree = "<group>";
		};
		70075CF226B4C095009B3E70 /* LaunchScreen.storyboard */ = {
			isa = PBXVariantGroup;
			children = (
				70075CF326B4C095009B3E70 /* Base */,
			);
			name = LaunchScreen.storyboard;
			sourceTree = "<group>";
		};
/* End PBXVariantGroup section */

/* Begin XCBuildConfiguration section */
		70075CF626B4C095009B3E70 /* Debug */ = {
			isa = XCBuildConfiguration;
			buildSettings = {
				ALWAYS_SEARCH_USER_PATHS = NO;
				CLANG_ANALYZER_NONNULL = YES;
				CLANG_ANALYZER_NUMBER_OBJECT_CONVERSION = YES_AGGRESSIVE;
				CLANG_CXX_LANGUAGE_STANDARD = "gnu++14";
				CLANG_CXX_LIBRARY = "libc++";
				CLANG_ENABLE_MODULES = YES;
				CLANG_ENABLE_OBJC_ARC = YES;
				CLANG_ENABLE_OBJC_WEAK = YES;
				CLANG_WARN_BLOCK_CAPTURE_AUTORELEASING = YES;
				CLANG_WARN_BOOL_CONVERSION = YES;
				CLANG_WARN_COMMA = YES;
				CLANG_WARN_CONSTANT_CONVERSION = YES;
				CLANG_WARN_DEPRECATED_OBJC_IMPLEMENTATIONS = YES;
				CLANG_WARN_DIRECT_OBJC_ISA_USAGE = YES_ERROR;
				CLANG_WARN_DOCUMENTATION_COMMENTS = YES;
				CLANG_WARN_EMPTY_BODY = YES;
				CLANG_WARN_ENUM_CONVERSION = YES;
				CLANG_WARN_INFINITE_RECURSION = YES;
				CLANG_WARN_INT_CONVERSION = YES;
				CLANG_WARN_NON_LITERAL_NULL_CONVERSION = YES;
				CLANG_WARN_OBJC_IMPLICIT_RETAIN_SELF = YES;
				CLANG_WARN_OBJC_LITERAL_CONVERSION = YES;
				CLANG_WARN_OBJC_ROOT_CLASS = YES_ERROR;
				CLANG_WARN_RANGE_LOOP_ANALYSIS = YES;
				CLANG_WARN_STRICT_PROTOTYPES = YES;
				CLANG_WARN_SUSPICIOUS_MOVE = YES;
				CLANG_WARN_UNGUARDED_AVAILABILITY = YES_AGGRESSIVE;
				CLANG_WARN_UNREACHABLE_CODE = YES;
				CLANG_WARN__DUPLICATE_METHOD_MATCH = YES;
				CODE_SIGN_IDENTITY = "iPhone Developer";
				COPY_PHASE_STRIP = NO;
				DEBUG_INFORMATION_FORMAT = dwarf;
				ENABLE_STRICT_OBJC_MSGSEND = YES;
				ENABLE_TESTABILITY = YES;
				GCC_C_LANGUAGE_STANDARD = gnu11;
				GCC_DYNAMIC_NO_PIC = NO;
				GCC_NO_COMMON_BLOCKS = YES;
				GCC_OPTIMIZATION_LEVEL = 0;
				GCC_PREPROCESSOR_DEFINITIONS = (
					"DEBUG=1",
					"$(inherited)",
				);
				GCC_WARN_64_TO_32_BIT_CONVERSION = YES;
				GCC_WARN_ABOUT_RETURN_TYPE = YES_ERROR;
				GCC_WARN_UNDECLARED_SELECTOR = YES;
				GCC_WARN_UNINITIALIZED_AUTOS = YES_AGGRESSIVE;
				GCC_WARN_UNUSED_FUNCTION = YES;
				GCC_WARN_UNUSED_VARIABLE = YES;
				IPHONEOS_DEPLOYMENT_TARGET = 12.4;
				MTL_ENABLE_DEBUG_INFO = INCLUDE_SOURCE;
				MTL_FAST_MATH = YES;
				ONLY_ACTIVE_ARCH = YES;
				SDKROOT = iphoneos;
				SWIFT_ACTIVE_COMPILATION_CONDITIONS = DEBUG;
				SWIFT_OPTIMIZATION_LEVEL = "-Onone";
			};
			name = Debug;
		};
		70075CF726B4C095009B3E70 /* Release */ = {
			isa = XCBuildConfiguration;
			buildSettings = {
				ALWAYS_SEARCH_USER_PATHS = NO;
				CLANG_ANALYZER_NONNULL = YES;
				CLANG_ANALYZER_NUMBER_OBJECT_CONVERSION = YES_AGGRESSIVE;
				CLANG_CXX_LANGUAGE_STANDARD = "gnu++14";
				CLANG_CXX_LIBRARY = "libc++";
				CLANG_ENABLE_MODULES = YES;
				CLANG_ENABLE_OBJC_ARC = YES;
				CLANG_ENABLE_OBJC_WEAK = YES;
				CLANG_WARN_BLOCK_CAPTURE_AUTORELEASING = YES;
				CLANG_WARN_BOOL_CONVERSION = YES;
				CLANG_WARN_COMMA = YES;
				CLANG_WARN_CONSTANT_CONVERSION = YES;
				CLANG_WARN_DEPRECATED_OBJC_IMPLEMENTATIONS = YES;
				CLANG_WARN_DIRECT_OBJC_ISA_USAGE = YES_ERROR;
				CLANG_WARN_DOCUMENTATION_COMMENTS = YES;
				CLANG_WARN_EMPTY_BODY = YES;
				CLANG_WARN_ENUM_CONVERSION = YES;
				CLANG_WARN_INFINITE_RECURSION = YES;
				CLANG_WARN_INT_CONVERSION = YES;
				CLANG_WARN_NON_LITERAL_NULL_CONVERSION = YES;
				CLANG_WARN_OBJC_IMPLICIT_RETAIN_SELF = YES;
				CLANG_WARN_OBJC_LITERAL_CONVERSION = YES;
				CLANG_WARN_OBJC_ROOT_CLASS = YES_ERROR;
				CLANG_WARN_RANGE_LOOP_ANALYSIS = YES;
				CLANG_WARN_STRICT_PROTOTYPES = YES;
				CLANG_WARN_SUSPICIOUS_MOVE = YES;
				CLANG_WARN_UNGUARDED_AVAILABILITY = YES_AGGRESSIVE;
				CLANG_WARN_UNREACHABLE_CODE = YES;
				CLANG_WARN__DUPLICATE_METHOD_MATCH = YES;
				CODE_SIGN_IDENTITY = "iPhone Developer";
				COPY_PHASE_STRIP = NO;
				DEBUG_INFORMATION_FORMAT = "dwarf-with-dsym";
				ENABLE_NS_ASSERTIONS = NO;
				ENABLE_STRICT_OBJC_MSGSEND = YES;
				GCC_C_LANGUAGE_STANDARD = gnu11;
				GCC_NO_COMMON_BLOCKS = YES;
				GCC_WARN_64_TO_32_BIT_CONVERSION = YES;
				GCC_WARN_ABOUT_RETURN_TYPE = YES_ERROR;
				GCC_WARN_UNDECLARED_SELECTOR = YES;
				GCC_WARN_UNINITIALIZED_AUTOS = YES_AGGRESSIVE;
				GCC_WARN_UNUSED_FUNCTION = YES;
				GCC_WARN_UNUSED_VARIABLE = YES;
				IPHONEOS_DEPLOYMENT_TARGET = 12.4;
				MTL_ENABLE_DEBUG_INFO = NO;
				MTL_FAST_MATH = YES;
				SDKROOT = iphoneos;
				SWIFT_COMPILATION_MODE = wholemodule;
				SWIFT_OPTIMIZATION_LEVEL = "-O";
				VALIDATE_PRODUCT = YES;
			};
			name = Release;
		};
		70075CF926B4C095009B3E70 /* Debug */ = {
			isa = XCBuildConfiguration;
			baseConfigurationReference = ED127F66406A331255FD263D /* Pods-Proekt-AMU.debug.xcconfig */;
			buildSettings = {
				ASSETCATALOG_COMPILER_APPICON_NAME = AppIcon;
				CODE_SIGN_STYLE = Automatic;
				INFOPLIST_FILE = "Proekt-AMU/Info.plist";
				IPHONEOS_DEPLOYMENT_TARGET = 10.3;
				LD_RUNPATH_SEARCH_PATHS = (
					"$(inherited)",
					"@executable_path/Frameworks",
				);
				PRODUCT_BUNDLE_IDENTIFIER = "amu.Proekt-AMU";
				PRODUCT_NAME = "$(TARGET_NAME)";
				SWIFT_VERSION = 4.2;
				TARGETED_DEVICE_FAMILY = "1,2";
			};
			name = Debug;
		};
		70075CFA26B4C095009B3E70 /* Release */ = {
			isa = XCBuildConfiguration;
			baseConfigurationReference = 3E5A89ADDED6B55B0297E9DA /* Pods-Proekt-AMU.release.xcconfig */;
			buildSettings = {
				ASSETCATALOG_COMPILER_APPICON_NAME = AppIcon;
				CODE_SIGN_STYLE = Automatic;
				INFOPLIST_FILE = "Proekt-AMU/Info.plist";
				IPHONEOS_DEPLOYMENT_TARGET = 10.3;
				LD_RUNPATH_SEARCH_PATHS = (
					"$(inherited)",
					"@executable_path/Frameworks",
				);
				PRODUCT_BUNDLE_IDENTIFIER = "amu.Proekt-AMU";
				PRODUCT_NAME = "$(TARGET_NAME)";
				SWIFT_VERSION = 4.2;
				TARGETED_DEVICE_FAMILY = "1,2";
			};
			name = Release;
		};
/* End XCBuildConfiguration section */

/* Begin XCConfigurationList section */
		70075CDE26B4C091009B3E70 /* Build configuration list for PBXProject "Proekt-AMU" */ = {
			isa = XCConfigurationList;
			buildConfigurations = (
				70075CF626B4C095009B3E70 /* Debug */,
				70075CF726B4C095009B3E70 /* Release */,
			);
			defaultConfigurationIsVisible = 0;
			defaultConfigurationName = Release;
		};
		70075CF826B4C095009B3E70 /* Build configuration list for PBXNativeTarget "Proekt-AMU" */ = {
			isa = XCConfigurationList;
			buildConfigurations = (
				70075CF926B4C095009B3E70 /* Debug */,
				70075CFA26B4C095009B3E70 /* Release */,
			);
			defaultConfigurationIsVisible = 0;
			defaultConfigurationName = Release;
		};
/* End XCConfigurationList section */

/* Begin XCVersionGroup section */
		70075CED26B4C092009B3E70 /* Proekt_AMU.xcdatamodeld */ = {
			isa = XCVersionGroup;
			children = (
				70075CEE26B4C092009B3E70 /* Proekt_AMU.xcdatamodel */,
			);
			currentVersion = 70075CEE26B4C092009B3E70 /* Proekt_AMU.xcdatamodel */;
			path = Proekt_AMU.xcdatamodeld;
			sourceTree = "<group>";
			versionGroupType = wrapper.xcdatamodel;
		};
/* End XCVersionGroup section */
	};
	rootObject = 70075CDB26B4C091009B3E70 /* Project object */;
}
